// !$*UTF8*$!
{
	archiveVersion = 1;
	classes = {
	};
	objectVersion = 50;
	objects = {

/* Begin PBXBuildFile section */
		014165772689A02E000C65C7 /* AppDelegate.swift in Sources */ = {isa = PBXBuildFile; fileRef = 014165762689A02E000C65C7 /* AppDelegate.swift */; };
		014165792689A02E000C65C7 /* SceneDelegate.swift in Sources */ = {isa = PBXBuildFile; fileRef = 014165782689A02E000C65C7 /* SceneDelegate.swift */; };
		0141657B2689A02E000C65C7 /* ViewController.swift in Sources */ = {isa = PBXBuildFile; fileRef = 0141657A2689A02E000C65C7 /* ViewController.swift */; };
		0141657E2689A02E000C65C7 /* Main.storyboard in Resources */ = {isa = PBXBuildFile; fileRef = 0141657C2689A02E000C65C7 /* Main.storyboard */; };
		014165802689A02E000C65C7 /* Assets.xcassets in Resources */ = {isa = PBXBuildFile; fileRef = 0141657F2689A02E000C65C7 /* Assets.xcassets */; };
		014165832689A02E000C65C7 /* LaunchScreen.storyboard in Resources */ = {isa = PBXBuildFile; fileRef = 014165812689A02E000C65C7 /* LaunchScreen.storyboard */; };
		0141658D2689A4B2000C65C7 /* Pokemon.swift in Sources */ = {isa = PBXBuildFile; fileRef = 0141658C2689A4B2000C65C7 /* Pokemon.swift */; };
		01BE71DB268AE31D0000640E /* CustomCell.swift in Sources */ = {isa = PBXBuildFile; fileRef = 01BE71DA268AE31D0000640E /* CustomCell.swift */; };
/* End PBXBuildFile section */

/* Begin PBXFileReference section */
		014165732689A02E000C65C7 /* testApp.app */ = {isa = PBXFileReference; explicitFileType = wrapper.application; includeInIndex = 0; path = testApp.app; sourceTree = BUILT_PRODUCTS_DIR; };
		014165762689A02E000C65C7 /* AppDelegate.swift */ = {isa = PBXFileReference; lastKnownFileType = sourcecode.swift; path = AppDelegate.swift; sourceTree = "<group>"; };
		014165782689A02E000C65C7 /* SceneDelegate.swift */ = {isa = PBXFileReference; lastKnownFileType = sourcecode.swift; path = SceneDelegate.swift; sourceTree = "<group>"; };
		0141657A2689A02E000C65C7 /* ViewController.swift */ = {isa = PBXFileReference; lastKnownFileType = sourcecode.swift; path = ViewController.swift; sourceTree = "<group>"; };
		0141657D2689A02E000C65C7 /* Base */ = {isa = PBXFileReference; lastKnownFileType = file.storyboard; name = Base; path = Base.lproj/Main.storyboard; sourceTree = "<group>"; };
		0141657F2689A02E000C65C7 /* Assets.xcassets */ = {isa = PBXFileReference; lastKnownFileType = folder.assetcatalog; path = Assets.xcassets; sourceTree = "<group>"; };
		014165822689A02E000C65C7 /* Base */ = {isa = PBXFileReference; lastKnownFileType = file.storyboard; name = Base; path = Base.lproj/LaunchScreen.storyboard; sourceTree = "<group>"; };
		014165842689A02E000C65C7 /* Info.plist */ = {isa = PBXFileReference; lastKnownFileType = text.plist.xml; path = Info.plist; sourceTree = "<group>"; };
		0141658C2689A4B2000C65C7 /* Pokemon.swift */ = {isa = PBXFileReference; lastKnownFileType = sourcecode.swift; path = Pokemon.swift; sourceTree = "<group>"; };
		01BE71DA268AE31D0000640E /* CustomCell.swift */ = {isa = PBXFileReference; lastKnownFileType = sourcecode.swift; path = CustomCell.swift; sourceTree = "<group>"; };
/* End PBXFileReference section */

/* Begin PBXFrameworksBuildPhase section */
		014165702689A02E000C65C7 /* Frameworks */ = {
			isa = PBXFrameworksBuildPhase;
			buildActionMask = 2147483647;
			files = (
			);
			runOnlyForDeploymentPostprocessing = 0;
		};
/* End PBXFrameworksBuildPhase section */

/* Begin PBXGroup section */
		0141656A2689A02E000C65C7 = {
			isa = PBXGroup;
			children = (
				014165752689A02E000C65C7 /* testApp */,
				014165742689A02E000C65C7 /* Products */,
			);
			sourceTree = "<group>";
		};
		014165742689A02E000C65C7 /* Products */ = {
			isa = PBXGroup;
			children = (
				014165732689A02E000C65C7 /* testApp.app */,
			);
			name = Products;
			sourceTree = "<group>";
		};
		014165752689A02E000C65C7 /* testApp */ = {
			isa = PBXGroup;
			children = (
				014165762689A02E000C65C7 /* AppDelegate.swift */,
				014165782689A02E000C65C7 /* SceneDelegate.swift */,
				0141657A2689A02E000C65C7 /* ViewController.swift */,
				0141657C2689A02E000C65C7 /* Main.storyboard */,
				0141657F2689A02E000C65C7 /* Assets.xcassets */,
				014165812689A02E000C65C7 /* LaunchScreen.storyboard */,
				014165842689A02E000C65C7 /* Info.plist */,
				0141658C2689A4B2000C65C7 /* Pokemon.swift */,
				01BE71DA268AE31D0000640E /* CustomCell.swift */,
			);
			path = testApp;
			sourceTree = "<group>";
		};
/* End PBXGroup section */

/* Begin PBXNativeTarget section */
		014165722689A02E000C65C7 /* testApp */ = {
			isa = PBXNativeTarget;
			buildConfigurationList = 014165872689A02E000C65C7 /* Build configuration list for PBXNativeTarget "testApp" */;
			buildPhases = (
				0141656F2689A02E000C65C7 /* Sources */,
				014165702689A02E000C65C7 /* Frameworks */,
				014165712689A02E000C65C7 /* Resources */,
			);
			buildRules = (
			);
			dependencies = (
			);
			name = testApp;
			productName = testApp;
			productReference = 014165732689A02E000C65C7 /* testApp.app */;
			productType = "com.apple.product-type.application";
		};
/* End PBXNativeTarget section */

/* Begin PBXProject section */
		0141656B2689A02E000C65C7 /* Project object */ = {
			isa = PBXProject;
			attributes = {
				LastSwiftUpdateCheck = 1250;
				LastUpgradeCheck = 1250;
				TargetAttributes = {
					014165722689A02E000C65C7 = {
						CreatedOnToolsVersion = 12.5;
					};
				};
			};
			buildConfigurationList = 0141656E2689A02E000C65C7 /* Build configuration list for PBXProject "testApp" */;
			compatibilityVersion = "Xcode 9.3";
			developmentRegion = en;
			hasScannedForEncodings = 0;
			knownRegions = (
				en,
				Base,
			);
			mainGroup = 0141656A2689A02E000C65C7;
			productRefGroup = 014165742689A02E000C65C7 /* Products */;
			projectDirPath = "";
			projectRoot = "";
			targets = (
				014165722689A02E000C65C7 /* testApp */,
			);
		};
/* End PBXProject section */

/* Begin PBXResourcesBuildPhase section */
		014165712689A02E000C65C7 /* Resources */ = {
			isa = PBXResourcesBuildPhase;
			buildActionMask = 2147483647;
			files = (
				014165832689A02E000C65C7 /* LaunchScreen.storyboard in Resources */,
				014165802689A02E000C65C7 /* Assets.xcassets in Resources */,
				0141657E2689A02E000C65C7 /* Main.storyboard in Resources */,
			);
			runOnlyForDeploymentPostprocessing = 0;
		};
/* End PBXResourcesBuildPhase section */

/* Begin PBXSourcesBuildPhase section */
		0141656F2689A02E000C65C7 /* Sources */ = {
			isa = PBXSourcesBuildPhase;
			buildActionMask = 2147483647;
			files = (
				0141657B2689A02E000C65C7 /* ViewController.swift in Sources */,
				014165772689A02E000C65C7 /* AppDelegate.swift in Sources */,
				01BE71DB268AE31D0000640E /* CustomCell.swift in Sources */,
				014165792689A02E000C65C7 /* SceneDelegate.swift in Sources */,
				0141658D2689A4B2000C65C7 /* Pokemon.swift in Sources */,
			);
			runOnlyForDeploymentPostprocessing = 0;
		};
/* End PBXSourcesBuildPhase section */

/* Begin PBXVariantGroup section */
		0141657C2689A02E000C65C7 /* Main.storyboard */ = {
			isa = PBXVariantGroup;
			children = (
				0141657D2689A02E000C65C7 /* Base */,
			);
			name = Main.storyboard;
			sourceTree = "<group>";
		};
		014165812689A02E000C65C7 /* LaunchScreen.storyboard */ = {
			isa = PBXVariantGroup;
			children = (
				014165822689A02E000C65C7 /* Base */,
			);
			name = LaunchScreen.storyboard;
			sourceTree = "<group>";
		};
/* End PBXVariantGroup section */

/* Begin XCBuildConfiguration section */
		014165852689A02E000C65C7 /* Debug */ = {
			isa = XCBuildConfiguration;
			buildSettings = {
				ALWAYS_SEARCH_USER_PATHS = NO;
				CLANG_ANALYZER_NONNULL = YES;
				CLANG_ANALYZER_NUMBER_OBJECT_CONVERSION = YES_AGGRESSIVE;
				CLANG_CXX_LANGUAGE_STANDARD = "gnu++14";
				CLANG_CXX_LIBRARY = "libc++";
				CLANG_ENABLE_MODULES = YES;
				CLANG_ENABLE_OBJC_ARC = YES;
				CLANG_ENABLE_OBJC_WEAK = YES;
				CLANG_WARN_BLOCK_CAPTURE_AUTORELEASING = YES;
				CLANG_WARN_BOOL_CONVERSION = YES;
				CLANG_WARN_COMMA = YES;
				CLANG_WARN_CONSTANT_CONVERSION = YES;
				CLANG_WARN_DEPRECATED_OBJC_IMPLEMENTATIONS = YES;
				CLANG_WARN_DIRECT_OBJC_ISA_USAGE = YES_ERROR;
				CLANG_WARN_DOCUMENTATION_COMMENTS = YES;
				CLANG_WARN_EMPTY_BODY = YES;
				CLANG_WARN_ENUM_CONVERSION = YES;
				CLANG_WARN_INFINITE_RECURSION = YES;
				CLANG_WARN_INT_CONVERSION = YES;
				CLANG_WARN_NON_LITERAL_NULL_CONVERSION = YES;
				CLANG_WARN_OBJC_IMPLICIT_RETAIN_SELF = YES;
				CLANG_WARN_OBJC_LITERAL_CONVERSION = YES;
				CLANG_WARN_OBJC_ROOT_CLASS = YES_ERROR;
				CLANG_WARN_QUOTED_INCLUDE_IN_FRAMEWORK_HEADER = YES;
				CLANG_WARN_RANGE_LOOP_ANALYSIS = YES;
				CLANG_WARN_STRICT_PROTOTYPES = YES;
				CLANG_WARN_SUSPICIOUS_MOVE = YES;
				CLANG_WARN_UNGUARDED_AVAILABILITY = YES_AGGRESSIVE;
				CLANG_WARN_UNREACHABLE_CODE = YES;
				CLANG_WARN__DUPLICATE_METHOD_MATCH = YES;
				COPY_PHASE_STRIP = NO;
				DEBUG_INFORMATION_FORMAT = dwarf;
				ENABLE_STRICT_OBJC_MSGSEND = YES;
				ENABLE_TESTABILITY = YES;
				GCC_C_LANGUAGE_STANDARD = gnu11;
				GCC_DYNAMIC_NO_PIC = NO;
				GCC_NO_COMMON_BLOCKS = YES;
				GCC_OPTIMIZATION_LEVEL = 0;
				GCC_PREPROCESSOR_DEFINITIONS = (
					"DEBUG=1",
					"$(inherited)",
				);
				GCC_WARN_64_TO_32_BIT_CONVERSION = YES;
				GCC_WARN_ABOUT_RETURN_TYPE = YES_ERROR;
				GCC_WARN_UNDECLARED_SELECTOR = YES;
				GCC_WARN_UNINITIALIZED_AUTOS = YES_AGGRESSIVE;
				GCC_WARN_UNUSED_FUNCTION = YES;
				GCC_WARN_UNUSED_VARIABLE = YES;
				IPHONEOS_DEPLOYMENT_TARGET = 14.5;
				MTL_ENABLE_DEBUG_INFO = INCLUDE_SOURCE;
				MTL_FAST_MATH = YES;
				ONLY_ACTIVE_ARCH = YES;
				SDKROOT = iphoneos;
				SWIFT_ACTIVE_COMPILATION_CONDITIONS = DEBUG;
				SWIFT_OPTIMIZATION_LEVEL = "-Onone";
			};
			name = Debug;
		};
		014165862689A02E000C65C7 /* Release */ = {
			isa = XCBuildConfiguration;
			buildSettings = {
				ALWAYS_SEARCH_USER_PATHS = NO;
				CLANG_ANALYZER_NONNULL = YES;
				CLANG_ANALYZER_NUMBER_OBJECT_CONVERSION = YES_AGGRESSIVE;
				CLANG_CXX_LANGUAGE_STANDARD = "gnu++14";
				CLANG_CXX_LIBRARY = "libc++";
				CLANG_ENABLE_MODULES = YES;
				CLANG_ENABLE_OBJC_ARC = YES;
				CLANG_ENABLE_OBJC_WEAK = YES;
				CLANG_WARN_BLOCK_CAPTURE_AUTORELEASING = YES;
				CLANG_WARN_BOOL_CONVERSION = YES;
				CLANG_WARN_COMMA = YES;
				CLANG_WARN_CONSTANT_CONVERSION = YES;
				CLANG_WARN_DEPRECATED_OBJC_IMPLEMENTATIONS = YES;
				CLANG_WARN_DIRECT_OBJC_ISA_USAGE = YES_ERROR;
				CLANG_WARN_DOCUMENTATION_COMMENTS = YES;
				CLANG_WARN_EMPTY_BODY = YES;
				CLANG_WARN_ENUM_CONVERSION = YES;
				CLANG_WARN_INFINITE_RECURSION = YES;
				CLANG_WARN_INT_CONVERSION = YES;
				CLANG_WARN_NON_LITERAL_NULL_CONVERSION = YES;
				CLANG_WARN_OBJC_IMPLICIT_RETAIN_SELF = YES;
				CLANG_WARN_OBJC_LITERAL_CONVERSION = YES;
				CLANG_WARN_OBJC_ROOT_CLASS = YES_ERROR;
				CLANG_WARN_QUOTED_INCLUDE_IN_FRAMEWORK_HEADER = YES;
				CLANG_WARN_RANGE_LOOP_ANALYSIS = YES;
				CLANG_WARN_STRICT_PROTOTYPES = YES;
				CLANG_WARN_SUSPICIOUS_MOVE = YES;
				CLANG_WARN_UNGUARDED_AVAILABILITY = YES_AGGRESSIVE;
				CLANG_WARN_UNREACHABLE_CODE = YES;
				CLANG_WARN__DUPLICATE_METHOD_MATCH = YES;
				COPY_PHASE_STRIP = NO;
				DEBUG_INFORMATION_FORMAT = "dwarf-with-dsym";
				ENABLE_NS_ASSERTIONS = NO;
				ENABLE_STRICT_OBJC_MSGSEND = YES;
				GCC_C_LANGUAGE_STANDARD = gnu11;
				GCC_NO_COMMON_BLOCKS = YES;
				GCC_WARN_64_TO_32_BIT_CONVERSION = YES;
				GCC_WARN_ABOUT_RETURN_TYPE = YES_ERROR;
				GCC_WARN_UNDECLARED_SELECTOR = YES;
				GCC_WARN_UNINITIALIZED_AUTOS = YES_AGGRESSIVE;
				GCC_WARN_UNUSED_FUNCTION = YES;
				GCC_WARN_UNUSED_VARIABLE = YES;
				IPHONEOS_DEPLOYMENT_TARGET = 14.5;
				MTL_ENABLE_DEBUG_INFO = NO;
				MTL_FAST_MATH = YES;
				SDKROOT = iphoneos;
				SWIFT_COMPILATION_MODE = wholemodule;
				SWIFT_OPTIMIZATION_LEVEL = "-O";
				VALIDATE_PRODUCT = YES;
			};
			name = Release;
		};
		014165882689A02E000C65C7 /* Debug */ = {
			isa = XCBuildConfiguration;
			buildSettings = {
				ASSETCATALOG_COMPILER_APPICON_NAME = AppIcon;
				ASSETCATALOG_COMPILER_GLOBAL_ACCENT_COLOR_NAME = AccentColor;
				CODE_SIGN_STYLE = Automatic;
				DEVELOPMENT_TEAM = 482J99T69B;
				INFOPLIST_FILE = testApp/Info.plist;
				LD_RUNPATH_SEARCH_PATHS = (
					"$(inherited)",
					"@executable_path/Frameworks",
				);
				PRODUCT_BUNDLE_IDENTIFIER = analogpotato.testApp;
				PRODUCT_NAME = "$(TARGET_NAME)";
				SWIFT_VERSION = 5.0;
				TARGETED_DEVICE_FAMILY = "1,2";
			};
			name = Debug;
		};
		014165892689A02E000C65C7 /* Release */ = {
			isa = XCBuildConfiguration;
			buildSettings = {
				ASSETCATALOG_COMPILER_APPICON_NAME = AppIcon;
				ASSETCATALOG_COMPILER_GLOBAL_ACCENT_COLOR_NAME = AccentColor;
				CODE_SIGN_STYLE = Automatic;
				DEVELOPMENT_TEAM = 482J99T69B;
				INFOPLIST_FILE = testApp/Info.plist;
				LD_RUNPATH_SEARCH_PATHS = (
					"$(inherited)",
					"@executable_path/Frameworks",
				);
				PRODUCT_BUNDLE_IDENTIFIER = analogpotato.testApp;
				PRODUCT_NAME = "$(TARGET_NAME)";
				SWIFT_VERSION = 5.0;
				TARGETED_DEVICE_FAMILY = "1,2";
			};
			name = Release;
		};
/* End XCBuildConfiguration section */

/* Begin XCConfigurationList section */
		0141656E2689A02E000C65C7 /* Build configuration list for PBXProject "testApp" */ = {
			isa = XCConfigurationList;
			buildConfigurations = (
				014165852689A02E000C65C7 /* Debug */,
				014165862689A02E000C65C7 /* Release */,
			);
			defaultConfigurationIsVisible = 0;
			defaultConfigurationName = Release;
		};
		014165872689A02E000C65C7 /* Build configuration list for PBXNativeTarget "testApp" */ = {
			isa = XCConfigurationList;
			buildConfigurations = (
				014165882689A02E000C65C7 /* Debug */,
				014165892689A02E000C65C7 /* Release */,
			);
			defaultConfigurationIsVisible = 0;
			defaultConfigurationName = Release;
		};
/* End XCConfigurationList section */
	};
	rootObject = 0141656B2689A02E000C65C7 /* Project object */;
}
